// !$*UTF8*$!
{
	archiveVersion = 1;
	classes = {
	};
	objectVersion = 50;
	objects = {

/* Begin PBXBuildFile section */
		1894230D23AF5F5000C6E988 /* Assets.xcassets in Resources */ = {isa = PBXBuildFile; fileRef = 189422FF23AF5F5000C6E988 /* Assets.xcassets */; };
		1894230E23AF5F5000C6E988 /* LaunchScreen.storyboard in Resources */ = {isa = PBXBuildFile; fileRef = 1894230023AF5F5000C6E988 /* LaunchScreen.storyboard */; };
		1894230F23AF5F5000C6E988 /* Main.storyboard in Resources */ = {isa = PBXBuildFile; fileRef = 1894230223AF5F5000C6E988 /* Main.storyboard */; };
		1894231123AF5F5000C6E988 /* AppDelegate.swift in Sources */ = {isa = PBXBuildFile; fileRef = 1894230B23AF5F5000C6E988 /* AppDelegate.swift */; };
		1894231423AF619700C6E988 /* NetworkService.swift in Sources */ = {isa = PBXBuildFile; fileRef = 1894231323AF619700C6E988 /* NetworkService.swift */; };
		1894231623AF621F00C6E988 /* FactsRouter.swift in Sources */ = {isa = PBXBuildFile; fileRef = 1894231523AF621F00C6E988 /* FactsRouter.swift */; };
		1894231823AF642A00C6E988 /* UIStoryboard+Extension.swift in Sources */ = {isa = PBXBuildFile; fileRef = 1894231723AF642A00C6E988 /* UIStoryboard+Extension.swift */; };
		1894231C23AF647A00C6E988 /* UIViewController+Extension.swift in Sources */ = {isa = PBXBuildFile; fileRef = 1894231B23AF647A00C6E988 /* UIViewController+Extension.swift */; };
		1894231F23AF650100C6E988 /* NavigationRouter.swift in Sources */ = {isa = PBXBuildFile; fileRef = 1894231E23AF650100C6E988 /* NavigationRouter.swift */; };
		1894232623AF685500C6E988 /* FactModel.swift in Sources */ = {isa = PBXBuildFile; fileRef = 1894232523AF685500C6E988 /* FactModel.swift */; };
		1894232823AF687000C6E988 /* FactsListViewModel.swift in Sources */ = {isa = PBXBuildFile; fileRef = 1894232723AF687000C6E988 /* FactsListViewModel.swift */; };
		1894232A23AF689800C6E988 /* FactsListViewController.swift in Sources */ = {isa = PBXBuildFile; fileRef = 1894232923AF689800C6E988 /* FactsListViewController.swift */; };
		1894232E23AF9CF300C6E988 /* FactCollectionViewCell.swift in Sources */ = {isa = PBXBuildFile; fileRef = 1894232D23AF9CF300C6E988 /* FactCollectionViewCell.swift */; };
		1894233023AFA06600C6E988 /* FactsListViewController+UICollectionView.swift in Sources */ = {isa = PBXBuildFile; fileRef = 1894232F23AFA06600C6E988 /* FactsListViewController+UICollectionView.swift */; };
		1894233323AFA40200C6E988 /* ImageDownloader.swift in Sources */ = {isa = PBXBuildFile; fileRef = 1894233223AFA40200C6E988 /* ImageDownloader.swift */; };
		1894233523AFA82700C6E988 /* UICollectionView+Extension.swift in Sources */ = {isa = PBXBuildFile; fileRef = 1894233423AFA82700C6E988 /* UICollectionView+Extension.swift */; };
		1894233C23AFBD4800C6E988 /* FactDetailViewModel.swift in Sources */ = {isa = PBXBuildFile; fileRef = 1894233B23AFBD4800C6E988 /* FactDetailViewModel.swift */; };
		1894233E23AFBD7D00C6E988 /* FactDetailViewController.swift in Sources */ = {isa = PBXBuildFile; fileRef = 1894233D23AFBD7D00C6E988 /* FactDetailViewController.swift */; };
		1894234023AFC16600C6E988 /* FactDetailViewController+UITableView.swift in Sources */ = {isa = PBXBuildFile; fileRef = 1894233F23AFC16600C6E988 /* FactDetailViewController+UITableView.swift */; };
		1894235023AFC33800C6E988 /* FactDetailPortraitTableViewCell.swift in Sources */ = {isa = PBXBuildFile; fileRef = 1894234E23AFC33800C6E988 /* FactDetailPortraitTableViewCell.swift */; };
		1894235423AFC34C00C6E988 /* FactDetailLandscapeTableViewCell.swift in Sources */ = {isa = PBXBuildFile; fileRef = 1894235223AFC34C00C6E988 /* FactDetailLandscapeTableViewCell.swift */; };
		1894235723AFC59500C6E988 /* UITableView+Extension.swift in Sources */ = {isa = PBXBuildFile; fileRef = 1894235623AFC59500C6E988 /* UITableView+Extension.swift */; };
		1894235A23AFCE7600C6E988 /* FactsListViewControllerTest.swift in Sources */ = {isa = PBXBuildFile; fileRef = 1894235923AFCE7600C6E988 /* FactsListViewControllerTest.swift */; };
		1894235C23AFCE9D00C6E988 /* FactDetailViewControllerTest.swift in Sources */ = {isa = PBXBuildFile; fileRef = 1894235B23AFCE9D00C6E988 /* FactDetailViewControllerTest.swift */; };
		1894235E23AFCFFF00C6E988 /* FactsListViewModelTest.swift in Sources */ = {isa = PBXBuildFile; fileRef = 1894235D23AFCFFF00C6E988 /* FactsListViewModelTest.swift */; };
		18D51BFC23C06F3C00DC5EFA /* Reachability.swift in Sources */ = {isa = PBXBuildFile; fileRef = 18D51BFB23C06F3C00DC5EFA /* Reachability.swift */; };
		18D51BFE23C0724300DC5EFA /* FeedsModelTest.swift in Sources */ = {isa = PBXBuildFile; fileRef = 18D51BFD23C0724300DC5EFA /* FeedsModelTest.swift */; };
		18D51C0023C0738400DC5EFA /* FactModelTest.swift in Sources */ = {isa = PBXBuildFile; fileRef = 18D51BFF23C0738400DC5EFA /* FactModelTest.swift */; };
/* End PBXBuildFile section */

/* Begin PBXContainerItemProxy section */
		189422F023AF5D9B00C6E988 /* PBXContainerItemProxy */ = {
			isa = PBXContainerItemProxy;
			containerPortal = 189422D123AF5D9A00C6E988 /* Project object */;
			proxyType = 1;
			remoteGlobalIDString = 189422D823AF5D9A00C6E988;
			remoteInfo = WiproAssignment;
		};
/* End PBXContainerItemProxy section */

/* Begin PBXFileReference section */
		189422D923AF5D9A00C6E988 /* WiproAssignment.app */ = {isa = PBXFileReference; explicitFileType = wrapper.application; includeInIndex = 0; path = WiproAssignment.app; sourceTree = BUILT_PRODUCTS_DIR; };
		189422EF23AF5D9B00C6E988 /* WiproAssignmentTests.xctest */ = {isa = PBXFileReference; explicitFileType = wrapper.cfbundle; includeInIndex = 0; path = WiproAssignmentTests.xctest; sourceTree = BUILT_PRODUCTS_DIR; };
		189422F523AF5D9B00C6E988 /* Info.plist */ = {isa = PBXFileReference; lastKnownFileType = text.plist.xml; path = Info.plist; sourceTree = "<group>"; };
		189422FF23AF5F5000C6E988 /* Assets.xcassets */ = {isa = PBXFileReference; lastKnownFileType = folder.assetcatalog; path = Assets.xcassets; sourceTree = "<group>"; };
		1894230123AF5F5000C6E988 /* Base */ = {isa = PBXFileReference; lastKnownFileType = file.storyboard; name = Base; path = Base.lproj/LaunchScreen.storyboard; sourceTree = "<group>"; };
		1894230323AF5F5000C6E988 /* Base */ = {isa = PBXFileReference; lastKnownFileType = file.storyboard; name = Base; path = Base.lproj/Main.storyboard; sourceTree = "<group>"; };
		1894230423AF5F5000C6E988 /* Info.plist */ = {isa = PBXFileReference; fileEncoding = 4; lastKnownFileType = text.plist.xml; path = Info.plist; sourceTree = "<group>"; };
		1894230B23AF5F5000C6E988 /* AppDelegate.swift */ = {isa = PBXFileReference; fileEncoding = 4; lastKnownFileType = sourcecode.swift; path = AppDelegate.swift; sourceTree = "<group>"; };
		1894231323AF619700C6E988 /* NetworkService.swift */ = {isa = PBXFileReference; lastKnownFileType = sourcecode.swift; path = NetworkService.swift; sourceTree = "<group>"; };
		1894231523AF621F00C6E988 /* FactsRouter.swift */ = {isa = PBXFileReference; lastKnownFileType = sourcecode.swift; path = FactsRouter.swift; sourceTree = "<group>"; };
		1894231723AF642A00C6E988 /* UIStoryboard+Extension.swift */ = {isa = PBXFileReference; lastKnownFileType = sourcecode.swift; path = "UIStoryboard+Extension.swift"; sourceTree = "<group>"; };
		1894231B23AF647A00C6E988 /* UIViewController+Extension.swift */ = {isa = PBXFileReference; lastKnownFileType = sourcecode.swift; path = "UIViewController+Extension.swift"; sourceTree = "<group>"; };
		1894231E23AF650100C6E988 /* NavigationRouter.swift */ = {isa = PBXFileReference; lastKnownFileType = sourcecode.swift; path = NavigationRouter.swift; sourceTree = "<group>"; };
		1894232523AF685500C6E988 /* FactModel.swift */ = {isa = PBXFileReference; lastKnownFileType = sourcecode.swift; path = FactModel.swift; sourceTree = "<group>"; };
		1894232723AF687000C6E988 /* FactsListViewModel.swift */ = {isa = PBXFileReference; lastKnownFileType = sourcecode.swift; path = FactsListViewModel.swift; sourceTree = "<group>"; };
		1894232923AF689800C6E988 /* FactsListViewController.swift */ = {isa = PBXFileReference; lastKnownFileType = sourcecode.swift; path = FactsListViewController.swift; sourceTree = "<group>"; };
		1894232D23AF9CF300C6E988 /* FactCollectionViewCell.swift */ = {isa = PBXFileReference; lastKnownFileType = sourcecode.swift; path = FactCollectionViewCell.swift; sourceTree = "<group>"; };
		1894232F23AFA06600C6E988 /* FactsListViewController+UICollectionView.swift */ = {isa = PBXFileReference; lastKnownFileType = sourcecode.swift; path = "FactsListViewController+UICollectionView.swift"; sourceTree = "<group>"; };
		1894233223AFA40200C6E988 /* ImageDownloader.swift */ = {isa = PBXFileReference; lastKnownFileType = sourcecode.swift; path = ImageDownloader.swift; sourceTree = "<group>"; };
		1894233423AFA82700C6E988 /* UICollectionView+Extension.swift */ = {isa = PBXFileReference; lastKnownFileType = sourcecode.swift; path = "UICollectionView+Extension.swift"; sourceTree = "<group>"; };
		1894233B23AFBD4800C6E988 /* FactDetailViewModel.swift */ = {isa = PBXFileReference; lastKnownFileType = sourcecode.swift; path = FactDetailViewModel.swift; sourceTree = "<group>"; };
		1894233D23AFBD7D00C6E988 /* FactDetailViewController.swift */ = {isa = PBXFileReference; lastKnownFileType = sourcecode.swift; path = FactDetailViewController.swift; sourceTree = "<group>"; };
		1894233F23AFC16600C6E988 /* FactDetailViewController+UITableView.swift */ = {isa = PBXFileReference; lastKnownFileType = sourcecode.swift; path = "FactDetailViewController+UITableView.swift"; sourceTree = "<group>"; };
		1894234E23AFC33800C6E988 /* FactDetailPortraitTableViewCell.swift */ = {isa = PBXFileReference; fileEncoding = 4; lastKnownFileType = sourcecode.swift; path = FactDetailPortraitTableViewCell.swift; sourceTree = "<group>"; };
		1894235223AFC34C00C6E988 /* FactDetailLandscapeTableViewCell.swift */ = {isa = PBXFileReference; lastKnownFileType = sourcecode.swift; path = FactDetailLandscapeTableViewCell.swift; sourceTree = "<group>"; };
		1894235623AFC59500C6E988 /* UITableView+Extension.swift */ = {isa = PBXFileReference; lastKnownFileType = sourcecode.swift; path = "UITableView+Extension.swift"; sourceTree = "<group>"; };
		1894235823AFCE7600C6E988 /* WiproAssignmentTests-Bridging-Header.h */ = {isa = PBXFileReference; lastKnownFileType = sourcecode.c.h; path = "WiproAssignmentTests-Bridging-Header.h"; sourceTree = "<group>"; };
		1894235923AFCE7600C6E988 /* FactsListViewControllerTest.swift */ = {isa = PBXFileReference; lastKnownFileType = sourcecode.swift; path = FactsListViewControllerTest.swift; sourceTree = "<group>"; };
		1894235B23AFCE9D00C6E988 /* FactDetailViewControllerTest.swift */ = {isa = PBXFileReference; lastKnownFileType = sourcecode.swift; path = FactDetailViewControllerTest.swift; sourceTree = "<group>"; };
		1894235D23AFCFFF00C6E988 /* FactsListViewModelTest.swift */ = {isa = PBXFileReference; lastKnownFileType = sourcecode.swift; path = FactsListViewModelTest.swift; sourceTree = "<group>"; };
		18D51BFB23C06F3C00DC5EFA /* Reachability.swift */ = {isa = PBXFileReference; fileEncoding = 4; lastKnownFileType = sourcecode.swift; path = Reachability.swift; sourceTree = "<group>"; };
		18D51BFD23C0724300DC5EFA /* FeedsModelTest.swift */ = {isa = PBXFileReference; lastKnownFileType = sourcecode.swift; path = FeedsModelTest.swift; sourceTree = "<group>"; };
		18D51BFF23C0738400DC5EFA /* FactModelTest.swift */ = {isa = PBXFileReference; lastKnownFileType = sourcecode.swift; path = FactModelTest.swift; sourceTree = "<group>"; };
/* End PBXFileReference section */

/* Begin PBXFrameworksBuildPhase section */
		189422D623AF5D9A00C6E988 /* Frameworks */ = {
			isa = PBXFrameworksBuildPhase;
			buildActionMask = 2147483647;
			files = (
			);
			runOnlyForDeploymentPostprocessing = 0;
		};
		189422EC23AF5D9B00C6E988 /* Frameworks */ = {
			isa = PBXFrameworksBuildPhase;
			buildActionMask = 2147483647;
			files = (
			);
			runOnlyForDeploymentPostprocessing = 0;
		};
/* End PBXFrameworksBuildPhase section */

/* Begin PBXGroup section */
		189422D023AF5D9A00C6E988 = {
			isa = PBXGroup;
			children = (
				189422DB23AF5D9A00C6E988 /* WiproAssignment */,
				189422F223AF5D9B00C6E988 /* WiproAssignmentTests */,
				189422DA23AF5D9A00C6E988 /* Products */,
			);
			sourceTree = "<group>";
		};
		189422DA23AF5D9A00C6E988 /* Products */ = {
			isa = PBXGroup;
			children = (
				189422D923AF5D9A00C6E988 /* WiproAssignment.app */,
				189422EF23AF5D9B00C6E988 /* WiproAssignmentTests.xctest */,
			);
			name = Products;
			sourceTree = "<group>";
		};
		189422DB23AF5D9A00C6E988 /* WiproAssignment */ = {
			isa = PBXGroup;
			children = (
				1894230A23AF5F5000C6E988 /* AppDelegate */,
				1894230623AF5F5000C6E988 /* CommonFiles */,
				1894230523AF5F5000C6E988 /* Modules */,
				189422FE23AF5F5000C6E988 /* Resources */,
			);
			path = WiproAssignment;
			sourceTree = "<group>";
		};
		189422F223AF5D9B00C6E988 /* WiproAssignmentTests */ = {
			isa = PBXGroup;
			children = (
				189422F523AF5D9B00C6E988 /* Info.plist */,
				1894235823AFCE7600C6E988 /* WiproAssignmentTests-Bridging-Header.h */,
				1894235923AFCE7600C6E988 /* FactsListViewControllerTest.swift */,
				1894235B23AFCE9D00C6E988 /* FactDetailViewControllerTest.swift */,
				1894235D23AFCFFF00C6E988 /* FactsListViewModelTest.swift */,
				18D51BFD23C0724300DC5EFA /* FeedsModelTest.swift */,
				18D51BFF23C0738400DC5EFA /* FactModelTest.swift */,
			);
			path = WiproAssignmentTests;
			sourceTree = "<group>";
		};
		189422FE23AF5F5000C6E988 /* Resources */ = {
			isa = PBXGroup;
			children = (
				189422FF23AF5F5000C6E988 /* Assets.xcassets */,
				1894230023AF5F5000C6E988 /* LaunchScreen.storyboard */,
				1894230223AF5F5000C6E988 /* Main.storyboard */,
				1894230423AF5F5000C6E988 /* Info.plist */,
			);
			path = Resources;
			sourceTree = "<group>";
		};
		1894230523AF5F5000C6E988 /* Modules */ = {
			isa = PBXGroup;
			children = (
				1894233623AFBCD900C6E988 /* FactDetail */,
				1894232023AF682D00C6E988 /* FactsList */,
			);
			path = Modules;
			sourceTree = "<group>";
		};
		1894230623AF5F5000C6E988 /* CommonFiles */ = {
			isa = PBXGroup;
			children = (
				1894231D23AF64EB00C6E988 /* Navigation */,
				1894230723AF5F5000C6E988 /* Network */,
				1894230923AF5F5000C6E988 /* Extensions */,
			);
			path = CommonFiles;
			sourceTree = "<group>";
		};
		1894230723AF5F5000C6E988 /* Network */ = {
			isa = PBXGroup;
			children = (
				18D51BFA23C06F3C00DC5EFA /* Reachability */,
				1894233123AFA3F400C6E988 /* ImageDownloader */,
				1894230823AF5F5000C6E988 /* Router */,
				1894231323AF619700C6E988 /* NetworkService.swift */,
			);
			path = Network;
			sourceTree = "<group>";
		};
		1894230823AF5F5000C6E988 /* Router */ = {
			isa = PBXGroup;
			children = (
				1894231523AF621F00C6E988 /* FactsRouter.swift */,
			);
			path = Router;
			sourceTree = "<group>";
		};
		1894230923AF5F5000C6E988 /* Extensions */ = {
			isa = PBXGroup;
			children = (
				1894231723AF642A00C6E988 /* UIStoryboard+Extension.swift */,
				1894231B23AF647A00C6E988 /* UIViewController+Extension.swift */,
				1894233423AFA82700C6E988 /* UICollectionView+Extension.swift */,
				1894235623AFC59500C6E988 /* UITableView+Extension.swift */,
			);
			path = Extensions;
			sourceTree = "<group>";
		};
		1894230A23AF5F5000C6E988 /* AppDelegate */ = {
			isa = PBXGroup;
			children = (
				1894230B23AF5F5000C6E988 /* AppDelegate.swift */,
			);
			path = AppDelegate;
			sourceTree = "<group>";
		};
		1894231D23AF64EB00C6E988 /* Navigation */ = {
			isa = PBXGroup;
			children = (
				1894231E23AF650100C6E988 /* NavigationRouter.swift */,
			);
			path = Navigation;
			sourceTree = "<group>";
		};
		1894232023AF682D00C6E988 /* FactsList */ = {
			isa = PBXGroup;
			children = (
				1894232123AF682D00C6E988 /* ViewModel */,
				1894232223AF682D00C6E988 /* Controller */,
				1894232323AF682D00C6E988 /* Model */,
				1894232423AF682D00C6E988 /* View */,
			);
			path = FactsList;
			sourceTree = "<group>";
		};
		1894232123AF682D00C6E988 /* ViewModel */ = {
			isa = PBXGroup;
			children = (
				1894232723AF687000C6E988 /* FactsListViewModel.swift */,
			);
			path = ViewModel;
			sourceTree = "<group>";
		};
		1894232223AF682D00C6E988 /* Controller */ = {
			isa = PBXGroup;
			children = (
				1894232923AF689800C6E988 /* FactsListViewController.swift */,
				1894232F23AFA06600C6E988 /* FactsListViewController+UICollectionView.swift */,
			);
			path = Controller;
			sourceTree = "<group>";
		};
		1894232323AF682D00C6E988 /* Model */ = {
			isa = PBXGroup;
			children = (
				1894232523AF685500C6E988 /* FactModel.swift */,
			);
			path = Model;
			sourceTree = "<group>";
		};
		1894232423AF682D00C6E988 /* View */ = {
			isa = PBXGroup;
			children = (
				1894232D23AF9CF300C6E988 /* FactCollectionViewCell.swift */,
			);
			path = View;
			sourceTree = "<group>";
		};
		1894233123AFA3F400C6E988 /* ImageDownloader */ = {
			isa = PBXGroup;
			children = (
				1894233223AFA40200C6E988 /* ImageDownloader.swift */,
			);
			path = ImageDownloader;
			sourceTree = "<group>";
		};
		1894233623AFBCD900C6E988 /* FactDetail */ = {
			isa = PBXGroup;
			children = (
				1894233723AFBCD900C6E988 /* ViewModel */,
				1894233823AFBCD900C6E988 /* Controller */,
				1894233A23AFBCD900C6E988 /* View */,
			);
			path = FactDetail;
			sourceTree = "<group>";
		};
		1894233723AFBCD900C6E988 /* ViewModel */ = {
			isa = PBXGroup;
			children = (
				1894233B23AFBD4800C6E988 /* FactDetailViewModel.swift */,
			);
			path = ViewModel;
			sourceTree = "<group>";
		};
		1894233823AFBCD900C6E988 /* Controller */ = {
			isa = PBXGroup;
			children = (
				1894233D23AFBD7D00C6E988 /* FactDetailViewController.swift */,
				1894233F23AFC16600C6E988 /* FactDetailViewController+UITableView.swift */,
			);
			path = Controller;
			sourceTree = "<group>";
		};
		1894233A23AFBCD900C6E988 /* View */ = {
			isa = PBXGroup;
			children = (
				1894234C23AFC33800C6E988 /* FactDetailLandscapeTableViewCell */,
				1894234D23AFC33800C6E988 /* FactDetailPortraitTableViewCell */,
			);
			path = View;
			sourceTree = "<group>";
		};
		1894234C23AFC33800C6E988 /* FactDetailLandscapeTableViewCell */ = {
			isa = PBXGroup;
			children = (
				1894235223AFC34C00C6E988 /* FactDetailLandscapeTableViewCell.swift */,
			);
			path = FactDetailLandscapeTableViewCell;
			sourceTree = "<group>";
		};
		1894234D23AFC33800C6E988 /* FactDetailPortraitTableViewCell */ = {
			isa = PBXGroup;
			children = (
				1894234E23AFC33800C6E988 /* FactDetailPortraitTableViewCell.swift */,
			);
			path = FactDetailPortraitTableViewCell;
			sourceTree = "<group>";
		};
		18D51BFA23C06F3C00DC5EFA /* Reachability */ = {
			isa = PBXGroup;
			children = (
				18D51BFB23C06F3C00DC5EFA /* Reachability.swift */,
			);
			path = Reachability;
			sourceTree = "<group>";
		};
/* End PBXGroup section */

/* Begin PBXNativeTarget section */
		189422D823AF5D9A00C6E988 /* WiproAssignment */ = {
			isa = PBXNativeTarget;
			buildConfigurationList = 189422F823AF5D9B00C6E988 /* Build configuration list for PBXNativeTarget "WiproAssignment" */;
			buildPhases = (
				189422D523AF5D9A00C6E988 /* Sources */,
				189422D623AF5D9A00C6E988 /* Frameworks */,
				189422D723AF5D9A00C6E988 /* Resources */,
			);
			buildRules = (
			);
			dependencies = (
			);
			name = WiproAssignment;
			productName = WiproAssignment;
			productReference = 189422D923AF5D9A00C6E988 /* WiproAssignment.app */;
			productType = "com.apple.product-type.application";
		};
		189422EE23AF5D9B00C6E988 /* WiproAssignmentTests */ = {
			isa = PBXNativeTarget;
			buildConfigurationList = 189422FB23AF5D9B00C6E988 /* Build configuration list for PBXNativeTarget "WiproAssignmentTests" */;
			buildPhases = (
				189422EB23AF5D9B00C6E988 /* Sources */,
				189422EC23AF5D9B00C6E988 /* Frameworks */,
				189422ED23AF5D9B00C6E988 /* Resources */,
			);
			buildRules = (
			);
			dependencies = (
				189422F123AF5D9B00C6E988 /* PBXTargetDependency */,
			);
			name = WiproAssignmentTests;
			productName = WiproAssignmentTests;
			productReference = 189422EF23AF5D9B00C6E988 /* WiproAssignmentTests.xctest */;
			productType = "com.apple.product-type.bundle.unit-test";
		};
/* End PBXNativeTarget section */

/* Begin PBXProject section */
		189422D123AF5D9A00C6E988 /* Project object */ = {
			isa = PBXProject;
			attributes = {
				LastSwiftUpdateCheck = 1130;
				LastUpgradeCheck = 1130;
				ORGANIZATIONNAME = "Nitin Singh Rathore";
				TargetAttributes = {
					189422D823AF5D9A00C6E988 = {
						CreatedOnToolsVersion = 11.3;
					};
					189422EE23AF5D9B00C6E988 = {
						CreatedOnToolsVersion = 11.3;
						LastSwiftMigration = 1130;
						TestTargetID = 189422D823AF5D9A00C6E988;
					};
				};
			};
			buildConfigurationList = 189422D423AF5D9A00C6E988 /* Build configuration list for PBXProject "WiproAssignment" */;
			compatibilityVersion = "Xcode 9.3";
			developmentRegion = en;
			hasScannedForEncodings = 0;
			knownRegions = (
				en,
				Base,
			);
			mainGroup = 189422D023AF5D9A00C6E988;
			productRefGroup = 189422DA23AF5D9A00C6E988 /* Products */;
			projectDirPath = "";
			projectRoot = "";
			targets = (
				189422D823AF5D9A00C6E988 /* WiproAssignment */,
				189422EE23AF5D9B00C6E988 /* WiproAssignmentTests */,
			);
		};
/* End PBXProject section */

/* Begin PBXResourcesBuildPhase section */
		189422D723AF5D9A00C6E988 /* Resources */ = {
			isa = PBXResourcesBuildPhase;
			buildActionMask = 2147483647;
			files = (
				1894230F23AF5F5000C6E988 /* Main.storyboard in Resources */,
				1894230D23AF5F5000C6E988 /* Assets.xcassets in Resources */,
				1894230E23AF5F5000C6E988 /* LaunchScreen.storyboard in Resources */,
			);
			runOnlyForDeploymentPostprocessing = 0;
		};
		189422ED23AF5D9B00C6E988 /* Resources */ = {
			isa = PBXResourcesBuildPhase;
			buildActionMask = 2147483647;
			files = (
			);
			runOnlyForDeploymentPostprocessing = 0;
		};
/* End PBXResourcesBuildPhase section */

/* Begin PBXSourcesBuildPhase section */
		189422D523AF5D9A00C6E988 /* Sources */ = {
			isa = PBXSourcesBuildPhase;
			buildActionMask = 2147483647;
			files = (
				1894232A23AF689800C6E988 /* FactsListViewController.swift in Sources */,
				1894234023AFC16600C6E988 /* FactDetailViewController+UITableView.swift in Sources */,
				1894235723AFC59500C6E988 /* UITableView+Extension.swift in Sources */,
				1894233E23AFBD7D00C6E988 /* FactDetailViewController.swift in Sources */,
				1894231623AF621F00C6E988 /* FactsRouter.swift in Sources */,
				1894231423AF619700C6E988 /* NetworkService.swift in Sources */,
				1894233C23AFBD4800C6E988 /* FactDetailViewModel.swift in Sources */,
				1894233023AFA06600C6E988 /* FactsListViewController+UICollectionView.swift in Sources */,
				1894232623AF685500C6E988 /* FactModel.swift in Sources */,
				1894232E23AF9CF300C6E988 /* FactCollectionViewCell.swift in Sources */,
				1894233523AFA82700C6E988 /* UICollectionView+Extension.swift in Sources */,
				1894231F23AF650100C6E988 /* NavigationRouter.swift in Sources */,
				1894232823AF687000C6E988 /* FactsListViewModel.swift in Sources */,
				1894235023AFC33800C6E988 /* FactDetailPortraitTableViewCell.swift in Sources */,
				1894231823AF642A00C6E988 /* UIStoryboard+Extension.swift in Sources */,
				1894231C23AF647A00C6E988 /* UIViewController+Extension.swift in Sources */,
				1894233323AFA40200C6E988 /* ImageDownloader.swift in Sources */,
				1894235423AFC34C00C6E988 /* FactDetailLandscapeTableViewCell.swift in Sources */,
				18D51BFC23C06F3C00DC5EFA /* Reachability.swift in Sources */,
				1894231123AF5F5000C6E988 /* AppDelegate.swift in Sources */,
			);
			runOnlyForDeploymentPostprocessing = 0;
		};
		189422EB23AF5D9B00C6E988 /* Sources */ = {
			isa = PBXSourcesBuildPhase;
			buildActionMask = 2147483647;
			files = (
				1894235A23AFCE7600C6E988 /* FactsListViewControllerTest.swift in Sources */,
				1894235C23AFCE9D00C6E988 /* FactDetailViewControllerTest.swift in Sources */,
				1894235E23AFCFFF00C6E988 /* FactsListViewModelTest.swift in Sources */,
				18D51BFE23C0724300DC5EFA /* FeedsModelTest.swift in Sources */,
				18D51C0023C0738400DC5EFA /* FactModelTest.swift in Sources */,
			);
			runOnlyForDeploymentPostprocessing = 0;
		};
/* End PBXSourcesBuildPhase section */

/* Begin PBXTargetDependency section */
		189422F123AF5D9B00C6E988 /* PBXTargetDependency */ = {
			isa = PBXTargetDependency;
			target = 189422D823AF5D9A00C6E988 /* WiproAssignment */;
			targetProxy = 189422F023AF5D9B00C6E988 /* PBXContainerItemProxy */;
		};
/* End PBXTargetDependency section */

/* Begin PBXVariantGroup section */
		1894230023AF5F5000C6E988 /* LaunchScreen.storyboard */ = {
			isa = PBXVariantGroup;
			children = (
				1894230123AF5F5000C6E988 /* Base */,
			);
			name = LaunchScreen.storyboard;
			sourceTree = "<group>";
		};
		1894230223AF5F5000C6E988 /* Main.storyboard */ = {
			isa = PBXVariantGroup;
			children = (
				1894230323AF5F5000C6E988 /* Base */,
			);
			name = Main.storyboard;
			sourceTree = "<group>";
		};
/* End PBXVariantGroup section */

/* Begin XCBuildConfiguration section */
		189422F623AF5D9B00C6E988 /* Debug */ = {
			isa = XCBuildConfiguration;
			buildSettings = {
				ALWAYS_SEARCH_USER_PATHS = NO;
				CLANG_ANALYZER_NONNULL = YES;
				CLANG_ANALYZER_NUMBER_OBJECT_CONVERSION = YES_AGGRESSIVE;
				CLANG_CXX_LANGUAGE_STANDARD = "gnu++14";
				CLANG_CXX_LIBRARY = "libc++";
				CLANG_ENABLE_MODULES = YES;
				CLANG_ENABLE_OBJC_ARC = YES;
				CLANG_ENABLE_OBJC_WEAK = YES;
				CLANG_WARN_BLOCK_CAPTURE_AUTORELEASING = YES;
				CLANG_WARN_BOOL_CONVERSION = YES;
				CLANG_WARN_COMMA = YES;
				CLANG_WARN_CONSTANT_CONVERSION = YES;
				CLANG_WARN_DEPRECATED_OBJC_IMPLEMENTATIONS = YES;
				CLANG_WARN_DIRECT_OBJC_ISA_USAGE = YES_ERROR;
				CLANG_WARN_DOCUMENTATION_COMMENTS = YES;
				CLANG_WARN_EMPTY_BODY = YES;
				CLANG_WARN_ENUM_CONVERSION = YES;
				CLANG_WARN_INFINITE_RECURSION = YES;
				CLANG_WARN_INT_CONVERSION = YES;
				CLANG_WARN_NON_LITERAL_NULL_CONVERSION = YES;
				CLANG_WARN_OBJC_IMPLICIT_RETAIN_SELF = YES;
				CLANG_WARN_OBJC_LITERAL_CONVERSION = YES;
				CLANG_WARN_OBJC_ROOT_CLASS = YES_ERROR;
				CLANG_WARN_RANGE_LOOP_ANALYSIS = YES;
				CLANG_WARN_STRICT_PROTOTYPES = YES;
				CLANG_WARN_SUSPICIOUS_MOVE = YES;
				CLANG_WARN_UNGUARDED_AVAILABILITY = YES_AGGRESSIVE;
				CLANG_WARN_UNREACHABLE_CODE = YES;
				CLANG_WARN__DUPLICATE_METHOD_MATCH = YES;
				COPY_PHASE_STRIP = NO;
				DEBUG_INFORMATION_FORMAT = dwarf;
				ENABLE_STRICT_OBJC_MSGSEND = YES;
				ENABLE_TESTABILITY = YES;
				GCC_C_LANGUAGE_STANDARD = gnu11;
				GCC_DYNAMIC_NO_PIC = NO;
				GCC_NO_COMMON_BLOCKS = YES;
				GCC_OPTIMIZATION_LEVEL = 0;
				GCC_PREPROCESSOR_DEFINITIONS = (
					"DEBUG=1",
					"$(inherited)",
				);
				GCC_WARN_64_TO_32_BIT_CONVERSION = YES;
				GCC_WARN_ABOUT_RETURN_TYPE = YES_ERROR;
				GCC_WARN_UNDECLARED_SELECTOR = YES;
				GCC_WARN_UNINITIALIZED_AUTOS = YES_AGGRESSIVE;
				GCC_WARN_UNUSED_FUNCTION = YES;
				GCC_WARN_UNUSED_VARIABLE = YES;
				IPHONEOS_DEPLOYMENT_TARGET = 11.0;
				MTL_ENABLE_DEBUG_INFO = INCLUDE_SOURCE;
				MTL_FAST_MATH = YES;
				ONLY_ACTIVE_ARCH = YES;
				SDKROOT = iphoneos;
				SWIFT_ACTIVE_COMPILATION_CONDITIONS = DEBUG;
				SWIFT_OPTIMIZATION_LEVEL = "-Onone";
			};
			name = Debug;
		};
		189422F723AF5D9B00C6E988 /* Release */ = {
			isa = XCBuildConfiguration;
			buildSettings = {
				ALWAYS_SEARCH_USER_PATHS = NO;
				CLANG_ANALYZER_NONNULL = YES;
				CLANG_ANALYZER_NUMBER_OBJECT_CONVERSION = YES_AGGRESSIVE;
				CLANG_CXX_LANGUAGE_STANDARD = "gnu++14";
				CLANG_CXX_LIBRARY = "libc++";
				CLANG_ENABLE_MODULES = YES;
				CLANG_ENABLE_OBJC_ARC = YES;
				CLANG_ENABLE_OBJC_WEAK = YES;
				CLANG_WARN_BLOCK_CAPTURE_AUTORELEASING = YES;
				CLANG_WARN_BOOL_CONVERSION = YES;
				CLANG_WARN_COMMA = YES;
				CLANG_WARN_CONSTANT_CONVERSION = YES;
				CLANG_WARN_DEPRECATED_OBJC_IMPLEMENTATIONS = YES;
				CLANG_WARN_DIRECT_OBJC_ISA_USAGE = YES_ERROR;
				CLANG_WARN_DOCUMENTATION_COMMENTS = YES;
				CLANG_WARN_EMPTY_BODY = YES;
				CLANG_WARN_ENUM_CONVERSION = YES;
				CLANG_WARN_INFINITE_RECURSION = YES;
				CLANG_WARN_INT_CONVERSION = YES;
				CLANG_WARN_NON_LITERAL_NULL_CONVERSION = YES;
				CLANG_WARN_OBJC_IMPLICIT_RETAIN_SELF = YES;
				CLANG_WARN_OBJC_LITERAL_CONVERSION = YES;
				CLANG_WARN_OBJC_ROOT_CLASS = YES_ERROR;
				CLANG_WARN_RANGE_LOOP_ANALYSIS = YES;
				CLANG_WARN_STRICT_PROTOTYPES = YES;
				CLANG_WARN_SUSPICIOUS_MOVE = YES;
				CLANG_WARN_UNGUARDED_AVAILABILITY = YES_AGGRESSIVE;
				CLANG_WARN_UNREACHABLE_CODE = YES;
				CLANG_WARN__DUPLICATE_METHOD_MATCH = YES;
				COPY_PHASE_STRIP = NO;
				DEBUG_INFORMATION_FORMAT = "dwarf-with-dsym";
				ENABLE_NS_ASSERTIONS = NO;
				ENABLE_STRICT_OBJC_MSGSEND = YES;
				GCC_C_LANGUAGE_STANDARD = gnu11;
				GCC_NO_COMMON_BLOCKS = YES;
				GCC_WARN_64_TO_32_BIT_CONVERSION = YES;
				GCC_WARN_ABOUT_RETURN_TYPE = YES_ERROR;
				GCC_WARN_UNDECLARED_SELECTOR = YES;
				GCC_WARN_UNINITIALIZED_AUTOS = YES_AGGRESSIVE;
				GCC_WARN_UNUSED_FUNCTION = YES;
				GCC_WARN_UNUSED_VARIABLE = YES;
				IPHONEOS_DEPLOYMENT_TARGET = 11.0;
				MTL_ENABLE_DEBUG_INFO = NO;
				MTL_FAST_MATH = YES;
				SDKROOT = iphoneos;
				SWIFT_COMPILATION_MODE = wholemodule;
				SWIFT_OPTIMIZATION_LEVEL = "-O";
				VALIDATE_PRODUCT = YES;
			};
			name = Release;
		};
		189422F923AF5D9B00C6E988 /* Debug */ = {
			isa = XCBuildConfiguration;
			buildSettings = {
				ASSETCATALOG_COMPILER_APPICON_NAME = AppIcon;
				CODE_SIGN_STYLE = Manual;
				DEVELOPMENT_TEAM = "";
				INFOPLIST_FILE = "$(SRCROOT)/WiproAssignment/Resources/Info.plist";
				LD_RUNPATH_SEARCH_PATHS = (
					"$(inherited)",
					"@executable_path/Frameworks",
				);
				PRODUCT_BUNDLE_IDENTIFIER = com.;
				PRODUCT_NAME = "$(TARGET_NAME)";
				PROVISIONING_PROFILE_SPECIFIER = "";
				SWIFT_VERSION = 5.0;
				TARGETED_DEVICE_FAMILY = "1,2";
			};
			name = Debug;
		};
		189422FA23AF5D9B00C6E988 /* Release */ = {
			isa = XCBuildConfiguration;
			buildSettings = {
				ASSETCATALOG_COMPILER_APPICON_NAME = AppIcon;
				CODE_SIGN_STYLE = Manual;
				DEVELOPMENT_TEAM = "";
				INFOPLIST_FILE = "$(SRCROOT)/WiproAssignment/Resources/Info.plist";
				LD_RUNPATH_SEARCH_PATHS = (
					"$(inherited)",
					"@executable_path/Frameworks",
				);
				PRODUCT_BUNDLE_IDENTIFIER = com.;
				PRODUCT_NAME = "$(TARGET_NAME)";
				PROVISIONING_PROFILE_SPECIFIER = "";
				SWIFT_VERSION = 5.0;
				TARGETED_DEVICE_FAMILY = "1,2";
			};
			name = Release;
		};
		189422FC23AF5D9B00C6E988 /* Debug */ = {
			isa = XCBuildConfiguration;
			buildSettings = {
				ALWAYS_EMBED_SWIFT_STANDARD_LIBRARIES = YES;
				BUNDLE_LOADER = "$(TEST_HOST)";
				CLANG_ENABLE_MODULES = YES;
				CODE_SIGN_STYLE = Automatic;
				INFOPLIST_FILE = WiproAssignmentTests/Info.plist;
				IPHONEOS_DEPLOYMENT_TARGET = 13.2;
				LD_RUNPATH_SEARCH_PATHS = (
					"$(inherited)",
					"@executable_path/Frameworks",
					"@loader_path/Frameworks",
				);
				PRODUCT_BUNDLE_IDENTIFIER = com.wipro.assignment.WiproAssignmentTests;
				PRODUCT_NAME = "$(TARGET_NAME)";
				SWIFT_OBJC_BRIDGING_HEADER = "WiproAssignmentTests/WiproAssignmentTests-Bridging-Header.h";
				SWIFT_OPTIMIZATION_LEVEL = "-Onone";
				SWIFT_VERSION = 5.0;
				TARGETED_DEVICE_FAMILY = "1,2";
				TEST_HOST = "$(BUILT_PRODUCTS_DIR)/WiproAssignment.app/WiproAssignment";
			};
			name = Debug;
		};
		189422FD23AF5D9B00C6E988 /* Release */ = {
			isa = XCBuildConfiguration;
			buildSettings = {
				ALWAYS_EMBED_SWIFT_STANDARD_LIBRARIES = YES;
				BUNDLE_LOADER = "$(TEST_HOST)";
				CLANG_ENABLE_MODULES = YES;
				CODE_SIGN_STYLE = Automatic;
				INFOPLIST_FILE = WiproAssignmentTests/Info.plist;
				IPHONEOS_DEPLOYMENT_TARGET = 13.2;
				LD_RUNPATH_SEARCH_PATHS = (
					"$(inherited)",
					"@executable_path/Frameworks",
					"@loader_path/Frameworks",
				);
				PRODUCT_BUNDLE_IDENTIFIER = com.wipro.assignment.WiproAssignmentTests;
				PRODUCT_NAME = "$(TARGET_NAME)";
				SWIFT_OBJC_BRIDGING_HEADER = "WiproAssignmentTests/WiproAssignmentTests-Bridging-Header.h";
				SWIFT_VERSION = 5.0;
				TARGETED_DEVICE_FAMILY = "1,2";
				TEST_HOST = "$(BUILT_PRODUCTS_DIR)/WiproAssignment.app/WiproAssignment";
			};
			name = Release;
		};
/* End XCBuildConfiguration section */

/* Begin XCConfigurationList section */
		189422D423AF5D9A00C6E988 /* Build configuration list for PBXProject "WiproAssignment" */ = {
			isa = XCConfigurationList;
			buildConfigurations = (
				189422F623AF5D9B00C6E988 /* Debug */,
				189422F723AF5D9B00C6E988 /* Release */,
			);
			defaultConfigurationIsVisible = 0;
			defaultConfigurationName = Release;
		};
		189422F823AF5D9B00C6E988 /* Build configuration list for PBXNativeTarget "WiproAssignment" */ = {
			isa = XCConfigurationList;
			buildConfigurations = (
				189422F923AF5D9B00C6E988 /* Debug */,
				189422FA23AF5D9B00C6E988 /* Release */,
			);
			defaultConfigurationIsVisible = 0;
			defaultConfigurationName = Release;
		};
		189422FB23AF5D9B00C6E988 /* Build configuration list for PBXNativeTarget "WiproAssignmentTests" */ = {
			isa = XCConfigurationList;
			buildConfigurations = (
				189422FC23AF5D9B00C6E988 /* Debug */,
				189422FD23AF5D9B00C6E988 /* Release */,
			);
			defaultConfigurationIsVisible = 0;
			defaultConfigurationName = Release;
		};
/* End XCConfigurationList section */
	};
	rootObject = 189422D123AF5D9A00C6E988 /* Project object */;
}
